
Microsoft Visual Studio Solution File, Format Version 12.00
Project("{FAE04EC0-301F-11D3-BF4B-00C04F79EFBC}") = "FamilyBlazorWebApp", "FamilyBlazorWebApp\FamilyBlazorWebApp.csproj", "{4BDFB774-4DBF-46DB-B3F4-F6CFD4D743A1}"
EndProject
Global
	GlobalSection(SolutionConfigurationPlatforms) = preSolution
		Debug|Any CPU = Debug|Any CPU
		Release|Any CPU = Release|Any CPU
	EndGlobalSection
	GlobalSection(ProjectConfigurationPlatforms) = postSolution
		{4BDFB774-4DBF-46DB-B3F4-F6CFD4D743A1}.Debug|Any CPU.ActiveCfg = Debug|Any CPU
		{4BDFB774-4DBF-46DB-B3F4-F6CFD4D743A1}.Debug|Any CPU.Build.0 = Debug|Any CPU
		{4BDFB774-4DBF-46DB-B3F4-F6CFD4D743A1}.Release|Any CPU.ActiveCfg = Release|Any CPU
		{4BDFB774-4DBF-46DB-B3F4-F6CFD4D743A1}.Release|Any CPU.Build.0 = Release|Any CPU
	EndGlobalSection
EndGlobal
